
Microsoft Visual Studio Solution File, Format Version 12.00
# Visual Studio Version 17
VisualStudioVersion = 17.7.34003.232
MinimumVisualStudioVersion = 10.0.40219.1
Project("{FAE04EC0-301F-11D3-BF4B-00C04F79EFBC}") = "Garden of Blender Creation Kit", "Garden of Blender Creation Kit\Garden of Blender Creation Kit.csproj", "{AE398D90-4902-4B5B-AB5B-96041B0DFBD7}"
EndProject
Global
	GlobalSection(SolutionConfigurationPlatforms) = preSolution
		Debug|Any CPU = Debug|Any CPU
		Release|Any CPU = Release|Any CPU
	EndGlobalSection
	GlobalSection(ProjectConfigurationPlatforms) = postSolution
		{AE398D90-4902-4B5B-AB5B-96041B0DFBD7}.Debug|Any CPU.ActiveCfg = Debug|Any CPU
		{AE398D90-4902-4B5B-AB5B-96041B0DFBD7}.Debug|Any CPU.Build.0 = Debug|Any CPU
		{AE398D90-4902-4B5B-AB5B-96041B0DFBD7}.Release|Any CPU.ActiveCfg = Release|Any CPU
		{AE398D90-4902-4B5B-AB5B-96041B0DFBD7}.Release|Any CPU.Build.0 = Release|Any CPU
	EndGlobalSection
	GlobalSection(SolutionProperties) = preSolution
		HideSolutionNode = FALSE
	EndGlobalSection
	GlobalSection(ExtensibilityGlobals) = postSolution
		SolutionGuid = {1AC910ED-6192-4248-BA60-D66037DA6343}
	EndGlobalSection
EndGlobal
